# This file is autogenerated, do not edit; changes may be undone by the next 'dep ensure'.


[[projects]]
  name = "github.com/golang-migrate/migrate"
  packages = [
    ".",
    "database",
    "database/postgres",
    "source",
    "source/file"
  ]
  revision = "22f249514de9aa3f8a720a7cabbdd45d294f83a1"
  version = "v3.2.0"

[[projects]]
  branch = "master"
  name = "github.com/lib/pq"
  packages = [
    ".",
    "oid"
  ]
  revision = "0677bdde3e15a69060c33fac24fd53044b4694b8"

[solve-meta]
  analyzer-name = "dep"
  analyzer-version = 1
  inputs-digest = "c4a970ef8614b67f46955a5cf927b014fa5cfa36fd0bfaf300d3d2841dc952cd"
  solver-name = "gps-cdcl"
  solver-version = 1
